
Microsoft Visual Studio Solution File, Format Version 12.00
# Visual Studio Version 16
VisualStudioVersion = 16.0.31702.278
MinimumVisualStudioVersion = 10.0.40219.1
Project("{FAE04EC0-301F-11D3-BF4B-00C04F79EFBC}") = "salonproject", "salonproject.csproj", "{81157501-F28C-492D-AC09-2176AC63ED3B}"
EndProject
Global
	GlobalSection(SolutionConfigurationPlatforms) = preSolution
		Debug|Any CPU = Debug|Any CPU
		Release|Any CPU = Release|Any CPU
	EndGlobalSection
	GlobalSection(ProjectConfigurationPlatforms) = postSolution
		{81157501-F28C-492D-AC09-2176AC63ED3B}.Debug|Any CPU.ActiveCfg = Debug|Any CPU
		{81157501-F28C-492D-AC09-2176AC63ED3B}.Debug|Any CPU.Build.0 = Debug|Any CPU
		{81157501-F28C-492D-AC09-2176AC63ED3B}.Release|Any CPU.ActiveCfg = Release|Any CPU
		{81157501-F28C-492D-AC09-2176AC63ED3B}.Release|Any CPU.Build.0 = Release|Any CPU
	EndGlobalSection
	GlobalSection(SolutionProperties) = preSolution
		HideSolutionNode = FALSE
	EndGlobalSection
	GlobalSection(ExtensibilityGlobals) = postSolution
		SolutionGuid = {61751A38-6925-4352-8BBF-6B2FA00967C3}
	EndGlobalSection
EndGlobal
